
Microsoft Visual Studio Solution File, Format Version 12.00
# Visual Studio Version 18
VisualStudioVersion = 18.3.11520.95
MinimumVisualStudioVersion = 10.0.40219.1
Project("{8BC9CEB8-8B4A-11D0-8D11-00A0C91BC942}") = "CEGUIBase", "CEGUIBase\CEGUIBase.vcxproj", "{C2C1F539-78AA-49F2-BC86-D55B47AA7E7C}"
EndProject
Project("{8BC9CEB8-8B4A-11D0-8D11-00A0C91BC942}") = "CEGUICommonDialogs", "CEGUICommonDialogs\CEGUICommonDialogs.vcxproj", "{26FE2CBE-9276-42BC-946D-7F1901D712E6}"
EndProject
Project("{8BC9CEB8-8B4A-11D0-8D11-00A0C91BC942}") = "CEGUIOpenGLRenderer", "CEGUIOpenGLRenderer\CEGUIOpenGLRenderer.vcxproj", "{E0BFD996-3655-4C01-A7CB-17AF0B8DDEDE}"
EndProject
Project("{8BC9CEB8-8B4A-11D0-8D11-00A0C91BC942}") = "CEGUICoreWindowRendererSet", "CEGUICoreWindowRendererSet\CEGUICoreWindowRendererSet.vcxproj", "{08FD2353-3FB5-4094-9B90-910EBDA8DF7D}"
EndProject
Project("{8BC9CEB8-8B4A-11D0-8D11-00A0C91BC942}") = "CEGUIFreeImageImageCodec", "CEGUIFreeImageImageCodec\CEGUIFreeImageImageCodec.vcxproj", "{C8E57E0C-999E-4AB2-8622-F9683B3C9C56}"
EndProject
Project("{8BC9CEB8-8B4A-11D0-8D11-00A0C91BC942}") = "CEGUIDevILImageCodec", "CEGUIDevILImageCodec\CEGUIDevILImageCodec.vcxproj", "{A799CE47-7FFA-40AE-97B3-8FCD70DF3806}"
EndProject
Project("{8BC9CEB8-8B4A-11D0-8D11-00A0C91BC942}") = "CEGUISTBImageCodec", "CEGUISTBImageCodec\CEGUISTBImageCodec.vcxproj", "{0FFC32B0-F508-4389-9CEC-CDEB19147FE1}"
EndProject
Project("{8BC9CEB8-8B4A-11D0-8D11-00A0C91BC942}") = "CEGUITGAImageCodec", "CEGUITGAImageCodec\CEGUITGAImageCodec.vcxproj", "{8420D0EA-B1F3-4397-9A0C-44E5A65BC1F8}"
EndProject
Project("{2150E333-8FDC-42A3-9474-1A3956D46DE8}") = "RendererSet", "RendererSet", "{02EA681E-C7D8-13C7-8484-4AC65E1B71E8}"
EndProject
Project("{2150E333-8FDC-42A3-9474-1A3956D46DE8}") = "ImageCodec", "ImageCodec", "{5724CE9A-B7AB-4BA4-A875-24D8AF465D22}"
EndProject
Project("{2150E333-8FDC-42A3-9474-1A3956D46DE8}") = "Renderer", "Renderer", "{64EC4D29-BBE2-452D-84FC-CC04073E64B0}"
EndProject
Project("{2150E333-8FDC-42A3-9474-1A3956D46DE8}") = "Core", "Core", "{95789616-6BF4-4B8C-9B6B-73C66EB6E186}"
EndProject
Project("{8BC9CEB8-8B4A-11D0-8D11-00A0C91BC942}") = "CEGUIDirect3D9Renderer", "CEGUIDirect3D9Renderer\CEGUIDirect3D9Renderer.vcxproj", "{F087B0E8-A956-4804-87E8-B3FD8B63D9B6}"
EndProject
Project("{8BC9CEB8-8B4A-11D0-8D11-00A0C91BC942}") = "CEGUIDirect3D10Renderer", "CEGUIDirect3D10Renderer\CEGUIDirect3D10Renderer.vcxproj", "{0492FD86-9175-4696-ACFB-0EA637F3DF30}"
EndProject
Project("{8BC9CEB8-8B4A-11D0-8D11-00A0C91BC942}") = "CEGUIDirect3D11Renderer", "CEGUIDirect3D11Renderer\CEGUIDirect3D11Renderer.vcxproj", "{0BF4AB50-C00E-4EFC-9D24-07DF4A5B74D8}"
EndProject
Project("{8BC9CEB8-8B4A-11D0-8D11-00A0C91BC942}") = "CEGUINullRenderer", "CEGUINullRenderer\CEGUINullRenderer.vcxproj", "{92821410-E140-4C9B-868B-3681FDDDCFB1}"
EndProject
Project("{2150E333-8FDC-42A3-9474-1A3956D46DE8}") = "Scripts", "Scripts", "{B5DDAECE-7D17-46DE-9934-67816524EB0C}"
EndProject
Project("{8BC9CEB8-8B4A-11D0-8D11-00A0C91BC942}") = "CEGUILuaScriptModule", "CEGUILuaScriptModule\CEGUILuaScriptModule.vcxproj", "{E87FDA50-02A2-4621-81B8-56BA4F7BE39B}"
EndProject
Project("{2150E333-8FDC-42A3-9474-1A3956D46DE8}") = "XMLParser", "XMLParser", "{C5374AB2-3CD1-4A4E-A31D-556D9077246D}"
EndProject
Project("{8BC9CEB8-8B4A-11D0-8D11-00A0C91BC942}") = "CEGUIExpatParser", "CEGUIExpatParser\CEGUIExpatParser.vcxproj", "{7F153EF8-86D2-4901-B51E-0020757400CF}"
EndProject
Project("{8BC9CEB8-8B4A-11D0-8D11-00A0C91BC942}") = "CEGUITinyXMLParser", "CEGUITinyXMLParser\CEGUITinyXMLParser.vcxproj", "{54FEFAE8-DE9F-412D-8873-CC6BF5858731}"
EndProject
Project("{8BC9CEB8-8B4A-11D0-8D11-00A0C91BC942}") = "CEGUIXercesParser", "CEGUIXercesParser\CEGUIXercesParser.vcxproj", "{C9F7BF3F-88E0-4FA1-898D-B4DBACFCB7F0}"
EndProject
Project("{8BC9CEB8-8B4A-11D0-8D11-00A0C91BC942}") = "CEGUIRapidXMLParser", "CEGUIRapidXMLParser\CEGUIRapidXMLParser.vcxproj", "{83091CC1-3CA2-4F26-B845-6E3488AE6A40}"
EndProject
Global
	GlobalSection(SolutionConfigurationPlatforms) = preSolution
		Debug|x64 = Debug|x64
		Debug|x86 = Debug|x86
		Release|x64 = Release|x64
		Release|x86 = Release|x86
	EndGlobalSection
	GlobalSection(ProjectConfigurationPlatforms) = postSolution
		{C2C1F539-78AA-49F2-BC86-D55B47AA7E7C}.Debug|x64.ActiveCfg = Debug|x64
		{C2C1F539-78AA-49F2-BC86-D55B47AA7E7C}.Debug|x64.Build.0 = Debug|x64
		{C2C1F539-78AA-49F2-BC86-D55B47AA7E7C}.Debug|x86.ActiveCfg = Debug|Win32
		{C2C1F539-78AA-49F2-BC86-D55B47AA7E7C}.Debug|x86.Build.0 = Debug|Win32
		{C2C1F539-78AA-49F2-BC86-D55B47AA7E7C}.Release|x64.ActiveCfg = Release|x64
		{C2C1F539-78AA-49F2-BC86-D55B47AA7E7C}.Release|x64.Build.0 = Release|x64
		{C2C1F539-78AA-49F2-BC86-D55B47AA7E7C}.Release|x86.ActiveCfg = Release|Win32
		{C2C1F539-78AA-49F2-BC86-D55B47AA7E7C}.Release|x86.Build.0 = Release|Win32
		{26FE2CBE-9276-42BC-946D-7F1901D712E6}.Debug|x64.ActiveCfg = Debug|x64
		{26FE2CBE-9276-42BC-946D-7F1901D712E6}.Debug|x64.Build.0 = Debug|x64
		{26FE2CBE-9276-42BC-946D-7F1901D712E6}.Debug|x86.ActiveCfg = Debug|Win32
		{26FE2CBE-9276-42BC-946D-7F1901D712E6}.Debug|x86.Build.0 = Debug|Win32
		{26FE2CBE-9276-42BC-946D-7F1901D712E6}.Release|x64.ActiveCfg = Release|x64
		{26FE2CBE-9276-42BC-946D-7F1901D712E6}.Release|x64.Build.0 = Release|x64
		{26FE2CBE-9276-42BC-946D-7F1901D712E6}.Release|x86.ActiveCfg = Release|Win32
		{26FE2CBE-9276-42BC-946D-7F1901D712E6}.Release|x86.Build.0 = Release|Win32
		{E0BFD996-3655-4C01-A7CB-17AF0B8DDEDE}.Debug|x64.ActiveCfg = Debug|x64
		{E0BFD996-3655-4C01-A7CB-17AF0B8DDEDE}.Debug|x64.Build.0 = Debug|x64
		{E0BFD996-3655-4C01-A7CB-17AF0B8DDEDE}.Debug|x86.ActiveCfg = Debug|Win32
		{E0BFD996-3655-4C01-A7CB-17AF0B8DDEDE}.Debug|x86.Build.0 = Debug|Win32
		{E0BFD996-3655-4C01-A7CB-17AF0B8DDEDE}.Release|x64.ActiveCfg = Release|x64
		{E0BFD996-3655-4C01-A7CB-17AF0B8DDEDE}.Release|x64.Build.0 = Release|x64
		{E0BFD996-3655-4C01-A7CB-17AF0B8DDEDE}.Release|x86.ActiveCfg = Release|Win32
		{E0BFD996-3655-4C01-A7CB-17AF0B8DDEDE}.Release|x86.Build.0 = Release|Win32
		{08FD2353-3FB5-4094-9B90-910EBDA8DF7D}.Debug|x64.ActiveCfg = Debug|x64
		{08FD2353-3FB5-4094-9B90-910EBDA8DF7D}.Debug|x64.Build.0 = Debug|x64
		{08FD2353-3FB5-4094-9B90-910EBDA8DF7D}.Debug|x86.ActiveCfg = Debug|Win32
		{08FD2353-3FB5-4094-9B90-910EBDA8DF7D}.Debug|x86.Build.0 = Debug|Win32
		{08FD2353-3FB5-4094-9B90-910EBDA8DF7D}.Release|x64.ActiveCfg = Release|x64
		{08FD2353-3FB5-4094-9B90-910EBDA8DF7D}.Release|x64.Build.0 = Release|x64
		{08FD2353-3FB5-4094-9B90-910EBDA8DF7D}.Release|x86.ActiveCfg = Release|Win32
		{08FD2353-3FB5-4094-9B90-910EBDA8DF7D}.Release|x86.Build.0 = Release|Win32
		{C8E57E0C-999E-4AB2-8622-F9683B3C9C56}.Debug|x64.ActiveCfg = Debug|x64
		{C8E57E0C-999E-4AB2-8622-F9683B3C9C56}.Debug|x64.Build.0 = Debug|x64
		{C8E57E0C-999E-4AB2-8622-F9683B3C9C56}.Debug|x86.ActiveCfg = Debug|Win32
		{C8E57E0C-999E-4AB2-8622-F9683B3C9C56}.Debug|x86.Build.0 = Debug|Win32
		{C8E57E0C-999E-4AB2-8622-F9683B3C9C56}.Release|x64.ActiveCfg = Release|x64
		{C8E57E0C-999E-4AB2-8622-F9683B3C9C56}.Release|x64.Build.0 = Release|x64
		{C8E57E0C-999E-4AB2-8622-F9683B3C9C56}.Release|x86.ActiveCfg = Release|Win32
		{C8E57E0C-999E-4AB2-8622-F9683B3C9C56}.Release|x86.Build.0 = Release|Win32
		{A799CE47-7FFA-40AE-97B3-8FCD70DF3806}.Debug|x64.ActiveCfg = Debug|x64
		{A799CE47-7FFA-40AE-97B3-8FCD70DF3806}.Debug|x64.Build.0 = Debug|x64
		{A799CE47-7FFA-40AE-97B3-8FCD70DF3806}.Debug|x86.ActiveCfg = Debug|Win32
		{A799CE47-7FFA-40AE-97B3-8FCD70DF3806}.Debug|x86.Build.0 = Debug|Win32
		{A799CE47-7FFA-40AE-97B3-8FCD70DF3806}.Release|x64.ActiveCfg = Release|x64
		{A799CE47-7FFA-40AE-97B3-8FCD70DF3806}.Release|x64.Build.0 = Release|x64
		{A799CE47-7FFA-40AE-97B3-8FCD70DF3806}.Release|x86.ActiveCfg = Release|Win32
		{A799CE47-7FFA-40AE-97B3-8FCD70DF3806}.Release|x86.Build.0 = Release|Win32
		{0FFC32B0-F508-4389-9CEC-CDEB19147FE1}.Debug|x64.ActiveCfg = Debug|x64
		{0FFC32B0-F508-4389-9CEC-CDEB19147FE1}.Debug|x64.Build.0 = Debug|x64
		{0FFC32B0-F508-4389-9CEC-CDEB19147FE1}.Debug|x86.ActiveCfg = Debug|Win32
		{0FFC32B0-F508-4389-9CEC-CDEB19147FE1}.Debug|x86.Build.0 = Debug|Win32
		{0FFC32B0-F508-4389-9CEC-CDEB19147FE1}.Release|x64.ActiveCfg = Release|x64
		{0FFC32B0-F508-4389-9CEC-CDEB19147FE1}.Release|x64.Build.0 = Release|x64
		{0FFC32B0-F508-4389-9CEC-CDEB19147FE1}.Release|x86.ActiveCfg = Release|Win32
		{0FFC32B0-F508-4389-9CEC-CDEB19147FE1}.Release|x86.Build.0 = Release|Win32
		{8420D0EA-B1F3-4397-9A0C-44E5A65BC1F8}.Debug|x64.ActiveCfg = Debug|x64
		{8420D0EA-B1F3-4397-9A0C-44E5A65BC1F8}.Debug|x64.Build.0 = Debug|x64
		{8420D0EA-B1F3-4397-9A0C-44E5A65BC1F8}.Debug|x86.ActiveCfg = Debug|Win32
		{8420D0EA-B1F3-4397-9A0C-44E5A65BC1F8}.Debug|x86.Build.0 = Debug|Win32
		{8420D0EA-B1F3-4397-9A0C-44E5A65BC1F8}.Release|x64.ActiveCfg = Release|x64
		{8420D0EA-B1F3-4397-9A0C-44E5A65BC1F8}.Release|x64.Build.0 = Release|x64
		{8420D0EA-B1F3-4397-9A0C-44E5A65BC1F8}.Release|x86.ActiveCfg = Release|Win32
		{8420D0EA-B1F3-4397-9A0C-44E5A65BC1F8}.Release|x86.Build.0 = Release|Win32
		{F087B0E8-A956-4804-87E8-B3FD8B63D9B6}.Debug|x64.ActiveCfg = Debug|x64
		{F087B0E8-A956-4804-87E8-B3FD8B63D9B6}.Debug|x64.Build.0 = Debug|x64
		{F087B0E8-A956-4804-87E8-B3FD8B63D9B6}.Debug|x86.ActiveCfg = Debug|Win32
		{F087B0E8-A956-4804-87E8-B3FD8B63D9B6}.Debug|x86.Build.0 = Debug|Win32
		{F087B0E8-A956-4804-87E8-B3FD8B63D9B6}.Release|x64.ActiveCfg = Release|x64
		{F087B0E8-A956-4804-87E8-B3FD8B63D9B6}.Release|x64.Build.0 = Release|x64
		{F087B0E8-A956-4804-87E8-B3FD8B63D9B6}.Release|x86.ActiveCfg = Release|Win32
		{F087B0E8-A956-4804-87E8-B3FD8B63D9B6}.Release|x86.Build.0 = Release|Win32
		{0492FD86-9175-4696-ACFB-0EA637F3DF30}.Debug|x64.ActiveCfg = Debug|x64
		{0492FD86-9175-4696-ACFB-0EA637F3DF30}.Debug|x64.Build.0 = Debug|x64
		{0492FD86-9175-4696-ACFB-0EA637F3DF30}.Debug|x86.ActiveCfg = Debug|Win32
		{0492FD86-9175-4696-ACFB-0EA637F3DF30}.Debug|x86.Build.0 = Debug|Win32
		{0492FD86-9175-4696-ACFB-0EA637F3DF30}.Release|x64.ActiveCfg = Release|x64
		{0492FD86-9175-4696-ACFB-0EA637F3DF30}.Release|x64.Build.0 = Release|x64
		{0492FD86-9175-4696-ACFB-0EA637F3DF30}.Release|x86.ActiveCfg = Release|Win32
		{0492FD86-9175-4696-ACFB-0EA637F3DF30}.Release|x86.Build.0 = Release|Win32
		{0BF4AB50-C00E-4EFC-9D24-07DF4A5B74D8}.Debug|x64.ActiveCfg = Debug|x64
		{0BF4AB50-C00E-4EFC-9D24-07DF4A5B74D8}.Debug|x64.Build.0 = Debug|x64
		{0BF4AB50-C00E-4EFC-9D24-07DF4A5B74D8}.Debug|x86.ActiveCfg = Debug|Win32
		{0BF4AB50-C00E-4EFC-9D24-07DF4A5B74D8}.Debug|x86.Build.0 = Debug|Win32
		{0BF4AB50-C00E-4EFC-9D24-07DF4A5B74D8}.Release|x64.ActiveCfg = Release|x64
		{0BF4AB50-C00E-4EFC-9D24-07DF4A5B74D8}.Release|x64.Build.0 = Release|x64
		{0BF4AB50-C00E-4EFC-9D24-07DF4A5B74D8}.Release|x86.ActiveCfg = Release|Win32
		{0BF4AB50-C00E-4EFC-9D24-07DF4A5B74D8}.Release|x86.Build.0 = Release|Win32
		{92821410-E140-4C9B-868B-3681FDDDCFB1}.Debug|x64.ActiveCfg = Debug|x64
		{92821410-E140-4C9B-868B-3681FDDDCFB1}.Debug|x64.Build.0 = Debug|x64
		{92821410-E140-4C9B-868B-3681FDDDCFB1}.Debug|x86.ActiveCfg = Debug|Win32
		{92821410-E140-4C9B-868B-3681FDDDCFB1}.Debug|x86.Build.0 = Debug|Win32
		{92821410-E140-4C9B-868B-3681FDDDCFB1}.Release|x64.ActiveCfg = Release|x64
		{92821410-E140-4C9B-868B-3681FDDDCFB1}.Release|x64.Build.0 = Release|x64
		{92821410-E140-4C9B-868B-3681FDDDCFB1}.Release|x86.ActiveCfg = Release|Win32
		{92821410-E140-4C9B-868B-3681FDDDCFB1}.Release|x86.Build.0 = Release|Win32
		{E87FDA50-02A2-4621-81B8-56BA4F7BE39B}.Debug|x64.ActiveCfg = Debug|x64
		{E87FDA50-02A2-4621-81B8-56BA4F7BE39B}.Debug|x64.Build.0 = Debug|x64
		{E87FDA50-02A2-4621-81B8-56BA4F7BE39B}.Debug|x86.ActiveCfg = Debug|Win32
		{E87FDA50-02A2-4621-81B8-56BA4F7BE39B}.Debug|x86.Build.0 = Debug|Win32
		{E87FDA50-02A2-4621-81B8-56BA4F7BE39B}.Release|x64.ActiveCfg = Release|x64
		{E87FDA50-02A2-4621-81B8-56BA4F7BE39B}.Release|x64.Build.0 = Release|x64
		{E87FDA50-02A2-4621-81B8-56BA4F7BE39B}.Release|x86.ActiveCfg = Release|Win32
		{E87FDA50-02A2-4621-81B8-56BA4F7BE39B}.Release|x86.Build.0 = Release|Win32
		{7F153EF8-86D2-4901-B51E-0020757400CF}.Debug|x64.ActiveCfg = Debug|x64
		{7F153EF8-86D2-4901-B51E-0020757400CF}.Debug|x64.Build.0 = Debug|x64
		{7F153EF8-86D2-4901-B51E-0020757400CF}.Debug|x86.ActiveCfg = Debug|Win32
		{7F153EF8-86D2-4901-B51E-0020757400CF}.Debug|x86.Build.0 = Debug|Win32
		{7F153EF8-86D2-4901-B51E-0020757400CF}.Release|x64.ActiveCfg = Release|x64
		{7F153EF8-86D2-4901-B51E-0020757400CF}.Release|x64.Build.0 = Release|x64
		{7F153EF8-86D2-4901-B51E-0020757400CF}.Release|x86.ActiveCfg = Release|Win32
		{7F153EF8-86D2-4901-B51E-0020757400CF}.Release|x86.Build.0 = Release|Win32
		{54FEFAE8-DE9F-412D-8873-CC6BF5858731}.Debug|x64.ActiveCfg = Debug|x64
		{54FEFAE8-DE9F-412D-8873-CC6BF5858731}.Debug|x64.Build.0 = Debug|x64
		{54FEFAE8-DE9F-412D-8873-CC6BF5858731}.Debug|x86.ActiveCfg = Debug|Win32
		{54FEFAE8-DE9F-412D-8873-CC6BF5858731}.Debug|x86.Build.0 = Debug|Win32
		{54FEFAE8-DE9F-412D-8873-CC6BF5858731}.Release|x64.ActiveCfg = Release|x64
		{54FEFAE8-DE9F-412D-8873-CC6BF5858731}.Release|x64.Build.0 = Release|x64
		{54FEFAE8-DE9F-412D-8873-CC6BF5858731}.Release|x86.ActiveCfg = Release|Win32
		{54FEFAE8-DE9F-412D-8873-CC6BF5858731}.Release|x86.Build.0 = Release|Win32
		{C9F7BF3F-88E0-4FA1-898D-B4DBACFCB7F0}.Debug|x64.ActiveCfg = Debug|x64
		{C9F7BF3F-88E0-4FA1-898D-B4DBACFCB7F0}.Debug|x64.Build.0 = Debug|x64
		{C9F7BF3F-88E0-4FA1-898D-B4DBACFCB7F0}.Debug|x86.ActiveCfg = Debug|Win32
		{C9F7BF3F-88E0-4FA1-898D-B4DBACFCB7F0}.Debug|x86.Build.0 = Debug|Win32
		{C9F7BF3F-88E0-4FA1-898D-B4DBACFCB7F0}.Release|x64.ActiveCfg = Release|x64
		{C9F7BF3F-88E0-4FA1-898D-B4DBACFCB7F0}.Release|x64.Build.0 = Release|x64
		{C9F7BF3F-88E0-4FA1-898D-B4DBACFCB7F0}.Release|x86.ActiveCfg = Release|Win32
		{C9F7BF3F-88E0-4FA1-898D-B4DBACFCB7F0}.Release|x86.Build.0 = Release|Win32
		{83091CC1-3CA2-4F26-B845-6E3488AE6A40}.Debug|x64.ActiveCfg = Debug|x64
		{83091CC1-3CA2-4F26-B845-6E3488AE6A40}.Debug|x64.Build.0 = Debug|x64
		{83091CC1-3CA2-4F26-B845-6E3488AE6A40}.Debug|x86.ActiveCfg = Debug|Win32
		{83091CC1-3CA2-4F26-B845-6E3488AE6A40}.Debug|x86.Build.0 = Debug|Win32
		{83091CC1-3CA2-4F26-B845-6E3488AE6A40}.Release|x64.ActiveCfg = Release|x64
		{83091CC1-3CA2-4F26-B845-6E3488AE6A40}.Release|x64.Build.0 = Release|x64
		{83091CC1-3CA2-4F26-B845-6E3488AE6A40}.Release|x86.ActiveCfg = Release|Win32
		{83091CC1-3CA2-4F26-B845-6E3488AE6A40}.Release|x86.Build.0 = Release|Win32
	EndGlobalSection
	GlobalSection(SolutionProperties) = preSolution
		HideSolutionNode = FALSE
	EndGlobalSection
	GlobalSection(NestedProjects) = preSolution
		{C2C1F539-78AA-49F2-BC86-D55B47AA7E7C} = {95789616-6BF4-4B8C-9B6B-73C66EB6E186}
		{26FE2CBE-9276-42BC-946D-7F1901D712E6} = {95789616-6BF4-4B8C-9B6B-73C66EB6E186}
		{E0BFD996-3655-4C01-A7CB-17AF0B8DDEDE} = {64EC4D29-BBE2-452D-84FC-CC04073E64B0}
		{08FD2353-3FB5-4094-9B90-910EBDA8DF7D} = {02EA681E-C7D8-13C7-8484-4AC65E1B71E8}
		{C8E57E0C-999E-4AB2-8622-F9683B3C9C56} = {5724CE9A-B7AB-4BA4-A875-24D8AF465D22}
		{A799CE47-7FFA-40AE-97B3-8FCD70DF3806} = {5724CE9A-B7AB-4BA4-A875-24D8AF465D22}
		{0FFC32B0-F508-4389-9CEC-CDEB19147FE1} = {5724CE9A-B7AB-4BA4-A875-24D8AF465D22}
		{8420D0EA-B1F3-4397-9A0C-44E5A65BC1F8} = {5724CE9A-B7AB-4BA4-A875-24D8AF465D22}
		{F087B0E8-A956-4804-87E8-B3FD8B63D9B6} = {64EC4D29-BBE2-452D-84FC-CC04073E64B0}
		{0492FD86-9175-4696-ACFB-0EA637F3DF30} = {64EC4D29-BBE2-452D-84FC-CC04073E64B0}
		{0BF4AB50-C00E-4EFC-9D24-07DF4A5B74D8} = {64EC4D29-BBE2-452D-84FC-CC04073E64B0}
		{92821410-E140-4C9B-868B-3681FDDDCFB1} = {64EC4D29-BBE2-452D-84FC-CC04073E64B0}
		{E87FDA50-02A2-4621-81B8-56BA4F7BE39B} = {B5DDAECE-7D17-46DE-9934-67816524EB0C}
		{7F153EF8-86D2-4901-B51E-0020757400CF} = {C5374AB2-3CD1-4A4E-A31D-556D9077246D}
		{54FEFAE8-DE9F-412D-8873-CC6BF5858731} = {C5374AB2-3CD1-4A4E-A31D-556D9077246D}
		{C9F7BF3F-88E0-4FA1-898D-B4DBACFCB7F0} = {C5374AB2-3CD1-4A4E-A31D-556D9077246D}
		{83091CC1-3CA2-4F26-B845-6E3488AE6A40} = {C5374AB2-3CD1-4A4E-A31D-556D9077246D}
	EndGlobalSection
	GlobalSection(ExtensibilityGlobals) = postSolution
		SolutionGuid = {432D1313-D86D-4315-A40E-AF7189583352}
	EndGlobalSection
EndGlobal
